<?xml version="1.0" encoding="utf-8"?>
<Project ToolsVersion="4.0" xmlns="http://schemas.microsoft.com/developer/msbuild/2003">
  <ItemGroup>
    <Filter Include="소스 파일">
      <UniqueIdentifier>{4FC737F1-C7A5-4376-A066-2A32D752A2FF}</UniqueIdentifier>
      <Extensions>cpp;c;cc;cxx;def;odl;idl;hpj;bat;asm;asmx</Extensions>
    </Filter>
    <Filter Include="헤더 파일">
      <UniqueIdentifier>{93995380-89BD-4b04-88EB-625FBE52EBFB}</UniqueIdentifier>
      <Extensions>h;hh;hpp;hxx;hm;inl;inc;xsd</Extensions>
    </Filter>
    <Filter Include="리소스 파일">
      <UniqueIdentifier>{67DA6AB6-F800-4c08-8B7A-83BB121AAD01}</UniqueIdentifier>
      <Extensions>rc;ico;cur;bmp;dlg;rc2;rct;bin;rgs;gif;jpg;jpeg;jpe;resx;tiff;tif;png;wav;mfcribbon-ms</Extensions>
    </Filter>
  </ItemGroup>
  <ItemGroup>
    <Text Include="ReadMe.txt" />
  </ItemGroup>
  <ItemGroup>
    <ClInclude Include="I-RES2.h">
      <Filter>헤더 파일</Filter>
    </ClInclude>
    <ClInclude Include="stdafx.h">
      <Filter>헤더 파일</Filter>
    </ClInclude>
    <ClInclude Include="targetver.h">
      <Filter>헤더 파일</Filter>
    </ClInclude>
    <ClInclude Include="MainFrm.h">
      <Filter>헤더 파일</Filter>
    </ClInclude>
    <ClInclude Include="I-RES2Doc.h">
      <Filter>헤더 파일</Filter>
    </ClInclude>
    <ClInclude Include="I-RES2View.h">
      <Filter>헤더 파일</Filter>
    </ClInclude>
    <ClInclude Include="Resource.h">
      <Filter>헤더 파일</Filter>
    </ClInclude>
    <ClInclude Include="FileView.h">
      <Filter>헤더 파일</Filter>
    </ClInclude>
    <ClInclude Include="ClassView.h">
      <Filter>헤더 파일</Filter>
    </ClInclude>
    <ClInclude Include="ViewTree.h">
      <Filter>헤더 파일</Filter>
    </ClInclude>
    <ClInclude Include="OutputWnd.h">
      <Filter>헤더 파일</Filter>
    </ClInclude>
    <ClInclude Include="PropertiesWnd.h">
      <Filter>헤더 파일</Filter>
    </ClInclude>
    <ClInclude Include="MFC_OSG2.h">
      <Filter>헤더 파일</Filter>
    </ClInclude>
    <ClInclude Include="OptMultiTouchTrackballManipulator.h">
      <Filter>헤더 파일</Filter>
    </ClInclude>
    <ClInclude Include="OptImportExportBase.h">
      <Filter>헤더 파일</Filter>
    </ClInclude>
    <ClInclude Include="CDlgSelectSections.h">
      <Filter>헤더 파일</Filter>
    </ClInclude>
    <ClInclude Include="CDlgProgress.h">
      <Filter>헤더 파일</Filter>
    </ClInclude>
    <ClInclude Include="Dlg1.h">
      <Filter>헤더 파일</Filter>
    </ClInclude>
    <ClInclude Include="DlgDefineInp.h">
      <Filter>헤더 파일</Filter>
    </ClInclude>
    <ClInclude Include="Dlg2.h">
      <Filter>헤더 파일</Filter>
    </ClInclude>
    <ClInclude Include="VisualStylesXP.h">
      <Filter>헤더 파일</Filter>
    </ClInclude>
    <ClInclude Include="XHtmlDraw.h">
      <Filter>헤더 파일</Filter>
    </ClInclude>
    <ClInclude Include="XHtmlDrawLink.h">
      <Filter>헤더 파일</Filter>
    </ClInclude>
    <ClInclude Include="XHtmlTree.h">
      <Filter>헤더 파일</Filter>
    </ClInclude>
    <ClInclude Include="XmlDocument.h">
      <Filter>헤더 파일</Filter>
    </ClInclude>
    <ClInclude Include="XNamedColors.h">
      <Filter>헤더 파일</Filter>
    </ClInclude>
    <ClInclude Include="XString.h">
      <Filter>헤더 파일</Filter>
    </ClInclude>
    <ClInclude Include="XTrace.h">
      <Filter>헤더 파일</Filter>
    </ClInclude>
    <ClInclude Include="CreateCheckboxImageList.h">
      <Filter>헤더 파일</Filter>
    </ClInclude>
    <ClInclude Include="CToolbarWnd.h">
      <Filter>헤더 파일</Filter>
    </ClInclude>
    <ClInclude Include="DlgCrossSection.h">
      <Filter>헤더 파일</Filter>
    </ClInclude>
    <ClInclude Include="DlgDraftSection.h">
      <Filter>헤더 파일</Filter>
    </ClInclude>
    <ClInclude Include="DlgMainToolbar.h">
      <Filter>헤더 파일</Filter>
    </ClInclude>
  </ItemGroup>
  <ItemGroup>
    <ClCompile Include="I-RES2.cpp">
      <Filter>소스 파일</Filter>
    </ClCompile>
    <ClCompile Include="stdafx.cpp">
      <Filter>소스 파일</Filter>
    </ClCompile>
    <ClCompile Include="MainFrm.cpp">
      <Filter>소스 파일</Filter>
    </ClCompile>
    <ClCompile Include="I-RES2Doc.cpp">
      <Filter>소스 파일</Filter>
    </ClCompile>
    <ClCompile Include="I-RES2View.cpp">
      <Filter>소스 파일</Filter>
    </ClCompile>
    <ClCompile Include="FileView.cpp">
      <Filter>소스 파일</Filter>
    </ClCompile>
    <ClCompile Include="ClassView.cpp">
      <Filter>소스 파일</Filter>
    </ClCompile>
    <ClCompile Include="ViewTree.cpp">
      <Filter>소스 파일</Filter>
    </ClCompile>
    <ClCompile Include="OutputWnd.cpp">
      <Filter>소스 파일</Filter>
    </ClCompile>
    <ClCompile Include="PropertiesWnd.cpp">
      <Filter>소스 파일</Filter>
    </ClCompile>
    <ClCompile Include="MFC_OSG2.cpp">
      <Filter>소스 파일</Filter>
    </ClCompile>
    <ClCompile Include="OptMultiTouchTrackballManipulator.cpp">
      <Filter>소스 파일</Filter>
    </ClCompile>
    <ClCompile Include="OptImportExportBase.cpp">
      <Filter>소스 파일</Filter>
    </ClCompile>
    <ClCompile Include="CDlgSelectSections.cpp">
      <Filter>소스 파일</Filter>
    </ClCompile>
    <ClCompile Include="CDlgProgress.cpp">
      <Filter>소스 파일</Filter>
    </ClCompile>
    <ClCompile Include="Dlg1.cpp">
      <Filter>소스 파일</Filter>
    </ClCompile>
    <ClCompile Include="DlgDefineInp.cpp">
      <Filter>소스 파일</Filter>
    </ClCompile>
    <ClCompile Include="Dlg2.cpp">
      <Filter>소스 파일</Filter>
    </ClCompile>
    <ClCompile Include="VisualStylesXP.cpp">
      <Filter>소스 파일</Filter>
    </ClCompile>
    <ClCompile Include="XHtmlDraw.cpp">
      <Filter>소스 파일</Filter>
    </ClCompile>
    <ClCompile Include="XHtmlDrawLink.cpp">
      <Filter>소스 파일</Filter>
    </ClCompile>
    <ClCompile Include="XHtmlTree.cpp">
      <Filter>소스 파일</Filter>
    </ClCompile>
    <ClCompile Include="XmlDocument.cpp">
      <Filter>소스 파일</Filter>
    </ClCompile>
    <ClCompile Include="XNamedColors.cpp">
      <Filter>소스 파일</Filter>
    </ClCompile>
    <ClCompile Include="XString.cpp">
      <Filter>소스 파일</Filter>
    </ClCompile>
    <ClCompile Include="CreateCheckboxImageList.cpp">
      <Filter>소스 파일</Filter>
    </ClCompile>
    <ClCompile Include="CToolbarWnd.cpp">
      <Filter>소스 파일</Filter>
    </ClCompile>
    <ClCompile Include="DlgCrossSection.cpp">
      <Filter>소스 파일</Filter>
    </ClCompile>
    <ClCompile Include="DlgDraftSection.cpp">
      <Filter>소스 파일</Filter>
    </ClCompile>
    <ClCompile Include="DlgMainToolbar.cpp">
      <Filter>소스 파일</Filter>
    </ClCompile>
  </ItemGroup>
  <ItemGroup>
    <ResourceCompile Include="I-RES2.rc">
      <Filter>리소스 파일</Filter>
    </ResourceCompile>
  </ItemGroup>
  <ItemGroup>
    <Image Include="res\file_view.ico">
      <Filter>리소스 파일</Filter>
    </Image>
    <Image Include="res\file_view_hc.ico">
      <Filter>리소스 파일</Filter>
    </Image>
    <Image Include="res\class_view.ico">
      <Filter>리소스 파일</Filter>
    </Image>
    <Image Include="res\class_view_hc.ico">
      <Filter>리소스 파일</Filter>
    </Image>
    <Image Include="res\fileview.bmp">
      <Filter>리소스 파일</Filter>
    </Image>
    <Image Include="res\fileview_hc.bmp">
      <Filter>리소스 파일</Filter>
    </Image>
    <Image Include="res\classview.bmp">
      <Filter>리소스 파일</Filter>
    </Image>
    <Image Include="res\classview_hc.bmp">
      <Filter>리소스 파일</Filter>
    </Image>
    <Image Include="res\explorer.bmp">
      <Filter>리소스 파일</Filter>
    </Image>
    <Image Include="res\explorer_hc.bmp">
      <Filter>리소스 파일</Filter>
    </Image>
    <Image Include="res\sort.bmp">
      <Filter>리소스 파일</Filter>
    </Image>
    <Image Include="res\sort_hc.bmp">
      <Filter>리소스 파일</Filter>
    </Image>
    <Image Include="res\menuimages.bmp">
      <Filter>리소스 파일</Filter>
    </Image>
    <Image Include="res\menuimages_hc.bmp">
      <Filter>리소스 파일</Filter>
    </Image>
    <Image Include="res\output_wnd.ico">
      <Filter>리소스 파일</Filter>
    </Image>
    <Image Include="res\output_wnd_hc.ico">
      <Filter>리소스 파일</Filter>
    </Image>
    <Image Include="res\properties_wnd.ico">
      <Filter>리소스 파일</Filter>
    </Image>
    <Image Include="res\properties_wnd_hc.ico">
      <Filter>리소스 파일</Filter>
    </Image>
    <Image Include="res\properties.bmp">
      <Filter>리소스 파일</Filter>
    </Image>
    <Image Include="res\properties_hc.bmp">
      <Filter>리소스 파일</Filter>
    </Image>
    <Image Include="res\buttons.bmp">
      <Filter>리소스 파일</Filter>
    </Image>
    <Image Include="res\filelarge.bmp">
      <Filter>리소스 파일</Filter>
    </Image>
    <Image Include="res\filesmall.bmp">
      <Filter>리소스 파일</Filter>
    </Image>
    <Image Include="res\main.bmp">
      <Filter>리소스 파일</Filter>
    </Image>
    <Image Include="res\writelarge.bmp">
      <Filter>리소스 파일</Filter>
    </Image>
    <Image Include="res\writesmall.bmp">
      <Filter>리소스 파일</Filter>
    </Image>
    <Image Include="res\I-RES2Doc.ico">
      <Filter>리소스 파일</Filter>
    </Image>
    <Image Include="res\I-RES2.ico">
      <Filter>리소스 파일</Filter>
    </Image>
    <Image Include="res\Toolbar.bmp">
      <Filter>리소스 파일</Filter>
    </Image>
    <Image Include="res\Toolbar256.bmp">
      <Filter>리소스 파일</Filter>
    </Image>
    <Image Include="res\filelarge2.bmp">
      <Filter>리소스 파일</Filter>
    </Image>
    <Image Include="res\filelarge3.bmp">
      <Filter>리소스 파일</Filter>
    </Image>
    <Image Include="res\toolbar2.bmp">
      <Filter>리소스 파일</Filter>
    </Image>
    <Image Include="res\Trans.bmp">
      <Filter>리소스 파일</Filter>
    </Image>
    <Image Include="res\new_toolbar.bmp">
      <Filter>리소스 파일</Filter>
    </Image>
    <Image Include="res\Rot.bmp">
      <Filter>리소스 파일</Filter>
    </Image>
    <Image Include="res\normal.bmp">
      <Filter>리소스 파일</Filter>
    </Image>
    <Image Include="res\New.bmp">
      <Filter>리소스 파일</Filter>
    </Image>
    <Image Include="res\datum.bmp">
      <Filter>리소스 파일</Filter>
    </Image>
    <Image Include="res\calc.bmp">
      <Filter>리소스 파일</Filter>
    </Image>
  </ItemGroup>
  <ItemGroup>
    <None Include="res\ribbon.mfcribbon-ms">
      <Filter>리소스 파일</Filter>
    </None>
    <None Include="res\IRES2.rc2">
      <Filter>리소스 파일</Filter>
    </None>
  </ItemGroup>
</Project>